
Microsoft Visual Studio Solution File, Format Version 12.00
# Visual Studio Version 17
VisualStudioVersion = 17.7.34221.43
MinimumVisualStudioVersion = 10.0.40219.1
Project("{FAE04EC0-301F-11D3-BF4B-00C04F79EFBC}") = "Control", "Control\Control.csproj", "{43E6DF35-CEED-4156-A6FC-96D9DFF4F351}"
EndProject
Global
	GlobalSection(SolutionConfigurationPlatforms) = preSolution
		Debug|Any CPU = Debug|Any CPU
		Release|Any CPU = Release|Any CPU
	EndGlobalSection
	GlobalSection(ProjectConfigurationPlatforms) = postSolution
		{43E6DF35-CEED-4156-A6FC-96D9DFF4F351}.Debug|Any CPU.ActiveCfg = Debug|Any CPU
		{43E6DF35-CEED-4156-A6FC-96D9DFF4F351}.Debug|Any CPU.Build.0 = Debug|Any CPU
		{43E6DF35-CEED-4156-A6FC-96D9DFF4F351}.Release|Any CPU.ActiveCfg = Release|Any CPU
		{43E6DF35-CEED-4156-A6FC-96D9DFF4F351}.Release|Any CPU.Build.0 = Release|Any CPU
	EndGlobalSection
	GlobalSection(SolutionProperties) = preSolution
		HideSolutionNode = FALSE
	EndGlobalSection
	GlobalSection(ExtensibilityGlobals) = postSolution
		SolutionGuid = {367288D8-028A-4D28-BC4C-4D0FC0D9994E}
	EndGlobalSection
EndGlobal
